Microsoft Visual Studio Solution File, Format Version 10.00
# Visual Studio 2008

Project("{75BE8220-D78C-82F5-0D7D-E67E672B01E9}") = "FlySwat", "Assembly-CSharp-firstpass.csproj", "{BA312FB1-264B-4429-5E7C-4A2F1179F2D8}"
EndProject
Project("{75BE8220-D78C-82F5-0D7D-E67E672B01E9}") = "FlySwat", "Assembly-CSharp.csproj", "{9860A0E4-7F6A-DB2F-22E8-020AB97165B4}"
EndProject
Project("{75BE8220-D78C-82F5-0D7D-E67E672B01E9}") = "FlySwat", "Assembly-UnityScript.unityproj", "{AACAC1A3-370D-74B4-6CBC-D24C6B7400F0}"
EndProject
Global
	GlobalSection(SolutionConfigurationPlatforms) = preSolution
		Debug|Any CPU = Debug|Any CPU
		Release|Any CPU = Release|Any CPU
	EndGlobalSection
	GlobalSection(ProjectConfigurationPlatforms) = postSolution
		{BA312FB1-264B-4429-5E7C-4A2F1179F2D8}.Debug|Any CPU.ActiveCfg = Debug|Any CPU
		{BA312FB1-264B-4429-5E7C-4A2F1179F2D8}.Debug|Any CPU.Build.0 = Debug|Any CPU
		{BA312FB1-264B-4429-5E7C-4A2F1179F2D8}.Release|Any CPU.ActiveCfg = Release|Any CPU
		{BA312FB1-264B-4429-5E7C-4A2F1179F2D8}.Release|Any CPU.Build.0 = Release|Any CPU
		{9860A0E4-7F6A-DB2F-22E8-020AB97165B4}.Debug|Any CPU.ActiveCfg = Debug|Any CPU
		{9860A0E4-7F6A-DB2F-22E8-020AB97165B4}.Debug|Any CPU.Build.0 = Debug|Any CPU
		{9860A0E4-7F6A-DB2F-22E8-020AB97165B4}.Release|Any CPU.ActiveCfg = Release|Any CPU
		{9860A0E4-7F6A-DB2F-22E8-020AB97165B4}.Release|Any CPU.Build.0 = Release|Any CPU
		{AACAC1A3-370D-74B4-6CBC-D24C6B7400F0}.Debug|Any CPU.ActiveCfg = Debug|Any CPU
		{AACAC1A3-370D-74B4-6CBC-D24C6B7400F0}.Debug|Any CPU.Build.0 = Debug|Any CPU
		{AACAC1A3-370D-74B4-6CBC-D24C6B7400F0}.Release|Any CPU.ActiveCfg = Release|Any CPU
		{AACAC1A3-370D-74B4-6CBC-D24C6B7400F0}.Release|Any CPU.Build.0 = Release|Any CPU
	EndGlobalSection
	GlobalSection(SolutionProperties) = preSolution
		HideSolutionNode = FALSE
	EndGlobalSection
	
EndGlobal
